
Microsoft Visual Studio Solution File, Format Version 12.00
# Visual Studio Version 17
VisualStudioVersion = 17.11.35222.181
MinimumVisualStudioVersion = 10.0.40219.1
Project("{9A19103F-16F7-4668-BE54-9A1E7A4F7556}") = "Core", "Core\Core.csproj", "{EF3A7719-4A91-44C8-AEC7-9F5C456F416D}"
EndProject
Project("{9A19103F-16F7-4668-BE54-9A1E7A4F7556}") = "Utility", "Utility\Utility.csproj", "{4904855B-0329-4EF3-BE0F-14AAB27A07B3}"
EndProject
Project("{9A19103F-16F7-4668-BE54-9A1E7A4F7556}") = "Data", "Data\Data.csproj", "{75347CD5-8242-4F3B-9891-B5DD739156CC}"
EndProject
Project("{9A19103F-16F7-4668-BE54-9A1E7A4F7556}") = "Business", "Business\Business.csproj", "{54F6EAC7-C28A-4663-BCBD-CFADBC037576}"
EndProject
Project("{9A19103F-16F7-4668-BE54-9A1E7A4F7556}") = "UI.RazorPages", "UI.RazorPages\UI.RazorPages.csproj", "{257212DB-4918-4C8D-BF94-D7AF132750E6}"
EndProject
Global
	GlobalSection(SolutionConfigurationPlatforms) = preSolution
		Debug|Any CPU = Debug|Any CPU
		Release|Any CPU = Release|Any CPU
	EndGlobalSection
	GlobalSection(ProjectConfigurationPlatforms) = postSolution
		{EF3A7719-4A91-44C8-AEC7-9F5C456F416D}.Debug|Any CPU.ActiveCfg = Debug|Any CPU
		{EF3A7719-4A91-44C8-AEC7-9F5C456F416D}.Debug|Any CPU.Build.0 = Debug|Any CPU
		{EF3A7719-4A91-44C8-AEC7-9F5C456F416D}.Release|Any CPU.ActiveCfg = Release|Any CPU
		{EF3A7719-4A91-44C8-AEC7-9F5C456F416D}.Release|Any CPU.Build.0 = Release|Any CPU
		{4904855B-0329-4EF3-BE0F-14AAB27A07B3}.Debug|Any CPU.ActiveCfg = Debug|Any CPU
		{4904855B-0329-4EF3-BE0F-14AAB27A07B3}.Debug|Any CPU.Build.0 = Debug|Any CPU
		{4904855B-0329-4EF3-BE0F-14AAB27A07B3}.Release|Any CPU.ActiveCfg = Release|Any CPU
		{4904855B-0329-4EF3-BE0F-14AAB27A07B3}.Release|Any CPU.Build.0 = Release|Any CPU
		{75347CD5-8242-4F3B-9891-B5DD739156CC}.Debug|Any CPU.ActiveCfg = Debug|Any CPU
		{75347CD5-8242-4F3B-9891-B5DD739156CC}.Debug|Any CPU.Build.0 = Debug|Any CPU
		{75347CD5-8242-4F3B-9891-B5DD739156CC}.Release|Any CPU.ActiveCfg = Release|Any CPU
		{75347CD5-8242-4F3B-9891-B5DD739156CC}.Release|Any CPU.Build.0 = Release|Any CPU
		{54F6EAC7-C28A-4663-BCBD-CFADBC037576}.Debug|Any CPU.ActiveCfg = Debug|Any CPU
		{54F6EAC7-C28A-4663-BCBD-CFADBC037576}.Debug|Any CPU.Build.0 = Debug|Any CPU
		{54F6EAC7-C28A-4663-BCBD-CFADBC037576}.Release|Any CPU.ActiveCfg = Release|Any CPU
		{54F6EAC7-C28A-4663-BCBD-CFADBC037576}.Release|Any CPU.Build.0 = Release|Any CPU
		{257212DB-4918-4C8D-BF94-D7AF132750E6}.Debug|Any CPU.ActiveCfg = Debug|Any CPU
		{257212DB-4918-4C8D-BF94-D7AF132750E6}.Debug|Any CPU.Build.0 = Debug|Any CPU
		{257212DB-4918-4C8D-BF94-D7AF132750E6}.Release|Any CPU.ActiveCfg = Release|Any CPU
		{257212DB-4918-4C8D-BF94-D7AF132750E6}.Release|Any CPU.Build.0 = Release|Any CPU
	EndGlobalSection
	GlobalSection(SolutionProperties) = preSolution
		HideSolutionNode = FALSE
	EndGlobalSection
	GlobalSection(ExtensibilityGlobals) = postSolution
		SolutionGuid = {E0C8CD45-483F-4B9D-B13E-F752B48FD467}
	EndGlobalSection
EndGlobal
